{
  "name": "gbf-automata",
  "lockfileVersion": 2,
  "requires": true,
  "packages": {
    "": {
      "dependencies": {
        "chrome-types": "^0.1.233"
      }
    },
    "node_modules/chrome-types": {
      "version": "0.1.233",
      "resolved": "https://registry.npmjs.org/chrome-types/-/chrome-types-0.1.233.tgz",
      "integrity": "sha512-hYt3EEREyammb84b8L8tmr81viacB01/6o/Aw7fwuzFi+jPHzbGDG2+NYAkgeFg0RVW4iq7+hAo8HXc+TAr4MA=="
    }
  },
  "dependencies": {
    "chrome-types": {
      "version": "0.1.233",
      "resolved": "https://registry.npmjs.org/chrome-types/-/chrome-types-0.1.233.tgz",
      "integrity": "sha512-hYt3EEREyammb84b8L8tmr81viacB01/6o/Aw7fwuzFi+jPHzbGDG2+NYAkgeFg0RVW4iq7+hAo8HXc+TAr4MA=="
    }
  }
}
